
Microsoft Visual Studio Solution File, Format Version 12.00
# Visual Studio Version 16
VisualStudioVersion = 16.0.30611.23
MinimumVisualStudioVersion = 10.0.40219.1
Project("{FAE04EC0-301F-11D3-BF4B-00C04F79EFBC}") = "Exercicio1", "Exercicio1\Exercicio1.csproj", "{038945E2-7C0E-4C37-8B4A-3B2101A81057}"
EndProject
Global
	GlobalSection(SolutionConfigurationPlatforms) = preSolution
		Debug|Any CPU = Debug|Any CPU
		Release|Any CPU = Release|Any CPU
	EndGlobalSection
	GlobalSection(ProjectConfigurationPlatforms) = postSolution
		{038945E2-7C0E-4C37-8B4A-3B2101A81057}.Debug|Any CPU.ActiveCfg = Debug|Any CPU
		{038945E2-7C0E-4C37-8B4A-3B2101A81057}.Debug|Any CPU.Build.0 = Debug|Any CPU
		{038945E2-7C0E-4C37-8B4A-3B2101A81057}.Release|Any CPU.ActiveCfg = Release|Any CPU
		{038945E2-7C0E-4C37-8B4A-3B2101A81057}.Release|Any CPU.Build.0 = Release|Any CPU
	EndGlobalSection
	GlobalSection(SolutionProperties) = preSolution
		HideSolutionNode = FALSE
	EndGlobalSection
	GlobalSection(ExtensibilityGlobals) = postSolution
		SolutionGuid = {314528FD-871F-4DDE-8927-E2056537D2F8}
	EndGlobalSection
EndGlobal
